
Microsoft Visual Studio Solution File, Format Version 12.00
# Visual Studio 2012
Project("{FAE04EC0-301F-11D3-BF4B-00C04F79EFBC}") = "AppleDevice.NET", "AppleDevice.NET\AppleDevice.NET.csproj", "{0C605FF3-4252-46AA-9559-50740B691C6F}"
EndProject
Project("{FAE04EC0-301F-11D3-BF4B-00C04F79EFBC}") = "AppleDevice.NET.Cons", "AppleDevice.NET.Cons\AppleDevice.NET.Cons.csproj", "{7B6A4464-B09B-4030-89CC-017A73A0CA91}"
EndProject
Global
	GlobalSection(SolutionConfigurationPlatforms) = preSolution
		Debug|Any CPU = Debug|Any CPU
		Release|Any CPU = Release|Any CPU
	EndGlobalSection
	GlobalSection(ProjectConfigurationPlatforms) = postSolution
		{0C605FF3-4252-46AA-9559-50740B691C6F}.Debug|Any CPU.ActiveCfg = Debug|Any CPU
		{0C605FF3-4252-46AA-9559-50740B691C6F}.Debug|Any CPU.Build.0 = Debug|Any CPU
		{0C605FF3-4252-46AA-9559-50740B691C6F}.Release|Any CPU.ActiveCfg = Release|Any CPU
		{0C605FF3-4252-46AA-9559-50740B691C6F}.Release|Any CPU.Build.0 = Release|Any CPU
		{7B6A4464-B09B-4030-89CC-017A73A0CA91}.Debug|Any CPU.ActiveCfg = Debug|Any CPU
		{7B6A4464-B09B-4030-89CC-017A73A0CA91}.Debug|Any CPU.Build.0 = Debug|Any CPU
		{7B6A4464-B09B-4030-89CC-017A73A0CA91}.Release|Any CPU.ActiveCfg = Release|Any CPU
		{7B6A4464-B09B-4030-89CC-017A73A0CA91}.Release|Any CPU.Build.0 = Release|Any CPU
	EndGlobalSection
	GlobalSection(SolutionProperties) = preSolution
		HideSolutionNode = FALSE
	EndGlobalSection
EndGlobal
